
Microsoft Visual Studio Solution File, Format Version 12.00
# Visual Studio Version 17
VisualStudioVersion = 17.0.31903.59
MinimumVisualStudioVersion = 10.0.40219.1
Project("{2150E333-8FDC-42A3-9474-1A3956D46DE8}") = "src", "src", "{FB001EC2-782A-4387-9720-C258FEA6915C}"
EndProject
Project("{2150E333-8FDC-42A3-9474-1A3956D46DE8}") = "Repository", "Repository", "{C8F5112B-F3C7-4E29-BC92-EDC6018048A7}"
	ProjectSection(SolutionItems) = preProject
		Directory.Build.targets = Directory.Build.targets
	EndProjectSection
EndProject
Project("{2150E333-8FDC-42A3-9474-1A3956D46DE8}") = "packages", "packages", "{1DCABEF6-5424-4B86-BAA8-CDDBFCEA9E6D}"
EndProject
Project("{2150E333-8FDC-42A3-9474-1A3956D46DE8}") = "services", "services", "{CC512F1E-8D94-4B65-BBDA-1FBC449E3B65}"
	ProjectSection(SolutionItems) = preProject
		src\services\Directory.Packages.props = src\services\Directory.Packages.props
	EndProjectSection
EndProject
Project("{2150E333-8FDC-42A3-9474-1A3956D46DE8}") = "orchestrator", "orchestrator", "{1354F508-0FD7-4E2B-8B95-A178BF682EE7}"
EndProject
Project("{FAE04EC0-301F-11D3-BF4B-00C04F79EFBC}") = "Company.Platform.Orchestrator", "src\orchestrator\Company.Platform.Orchestrator\Company.Platform.Orchestrator.csproj", "{4F9728EC-CD90-4629-9A16-60F871C30286}"
EndProject
Project("{2150E333-8FDC-42A3-9474-1A3956D46DE8}") = "Domain", "Domain", "{D598B199-F893-4A0F-87FC-D97F75FDC851}"
EndProject
Project("{FAE04EC0-301F-11D3-BF4B-00C04F79EFBC}") = "Company.Platform.Domain.App", "src\services\Domain\Company.Platform.Domain.App\Company.Platform.Domain.App.csproj", "{96BE3206-DFA3-414C-BF06-3D64D7E32581}"
EndProject
Project("{FAE04EC0-301F-11D3-BF4B-00C04F79EFBC}") = "Company.Platform.Domain.Contracts", "src\services\Domain\Company.Platform.Domain.Contracts\Company.Platform.Domain.Contracts.csproj", "{B1234567-DFA3-414C-BF06-3D64D7E32582}"
EndProject
Project("{FAE04EC0-301F-11D3-BF4B-00C04F79EFBC}") = "Company.Platform.Domain.Client", "src\services\Domain\Company.Platform.Domain.Client\Company.Platform.Domain.Client.csproj", "{C2345678-DFA3-414C-BF06-3D64D7E32583}"
EndProject
Project("{FAE04EC0-301F-11D3-BF4B-00C04F79EFBC}") = "Company.Platform.Domain.Migrator.App", "src\services\Domain\Company.Platform.Domain.Migrator.App\Company.Platform.Domain.Migrator.App.csproj", "{D3456789-DFA3-414C-BF06-3D64D7E32584}"
EndProject
Project("{FAE04EC0-301F-11D3-BF4B-00C04F79EFBC}") = "Company.Platform.Domain.App.Tests", "src\services\Domain\Company.Platform.Domain.App.Tests\Company.Platform.Domain.App.Tests.csproj", "{E4567890-DFA3-414C-BF06-3D64D7E32585}"
EndProject
Project("{FAE04EC0-301F-11D3-BF4B-00C04F79EFBC}") = "Company.Platform.Domain.ApiTests", "src\services\Domain\Company.Platform.Domain.ApiTests\Company.Platform.Domain.ApiTests.csproj", "{F5678901-DFA3-414C-BF06-3D64D7E32586}"
EndProject
Project("{FAE04EC0-301F-11D3-BF4B-00C04F79EFBC}") = "Company.Platform.Domain.E2ETests", "src\services\Domain\Company.Platform.Domain.E2ETests\Company.Platform.Domain.E2ETests.csproj", "{06789012-DFA3-414C-BF06-3D64D7E32587}"
EndProject
Project("{FAE04EC0-301F-11D3-BF4B-00C04F79EFBC}") = "RepositoryMap", "build\RepositoryMap.csproj", "{04CB954E-E779-48E9-847D-148A35094E4E}"
EndProject
Project("{2150E333-8FDC-42A3-9474-1A3956D46DE8}") = "UrlShortener", "UrlShortener", "{9CAF2413-3084-C927-C28C-D1B93A6EAE01}"
EndProject
Project("{FAE04EC0-301F-11D3-BF4B-00C04F79EFBC}") = "Company.Platform.UrlShortener.ApiTests", "src\services\UrlShortener\Company.Platform.UrlShortener.ApiTests\Company.Platform.UrlShortener.ApiTests.csproj", "{7FC4F06E-6DD5-4D64-A13C-2E1612A48398}"
EndProject
Project("{FAE04EC0-301F-11D3-BF4B-00C04F79EFBC}") = "Company.Platform.UrlShortener.App.Tests", "src\services\UrlShortener\Company.Platform.UrlShortener.App.Tests\Company.Platform.UrlShortener.App.Tests.csproj", "{B3F07CAD-964A-4BB6-9935-D06448A9204C}"
EndProject
Project("{FAE04EC0-301F-11D3-BF4B-00C04F79EFBC}") = "Company.Platform.UrlShortener.App", "src\services\UrlShortener\Company.Platform.UrlShortener.App\Company.Platform.UrlShortener.App.csproj", "{304D1495-F1AB-4C40-A3BA-FD84CA3735DD}"
EndProject
Project("{FAE04EC0-301F-11D3-BF4B-00C04F79EFBC}") = "Company.Platform.UrlShortener.Client", "src\services\UrlShortener\Company.Platform.UrlShortener.Client\Company.Platform.UrlShortener.Client.csproj", "{95793E0A-AD18-4494-9677-FEA3B0719DFF}"
EndProject
Project("{FAE04EC0-301F-11D3-BF4B-00C04F79EFBC}") = "Company.Platform.UrlShortener.Contracts", "src\services\UrlShortener\Company.Platform.UrlShortener.Contracts\Company.Platform.UrlShortener.Contracts.csproj", "{C301F506-CC58-46E7-82C9-3E4278374D4A}"
EndProject
Project("{FAE04EC0-301F-11D3-BF4B-00C04F79EFBC}") = "Company.Platform.UrlShortener.E2ETests", "src\services\UrlShortener\Company.Platform.UrlShortener.E2ETests\Company.Platform.UrlShortener.E2ETests.csproj", "{3FD2F1D6-8C17-415C-800E-850204BFD3D6}"
EndProject
Project("{FAE04EC0-301F-11D3-BF4B-00C04F79EFBC}") = "Company.Platform.UrlShortener.Migrator.App", "src\services\UrlShortener\Company.Platform.UrlShortener.Migrator.App\Company.Platform.UrlShortener.Migrator.App.csproj", "{7CC45884-D063-41BE-B72E-2D942CC1F18A}"
EndProject
Global
	GlobalSection(SolutionConfigurationPlatforms) = preSolution
		Debug|Any CPU = Debug|Any CPU
		Debug|x64 = Debug|x64
		Debug|x86 = Debug|x86
		Release|Any CPU = Release|Any CPU
		Release|x64 = Release|x64
		Release|x86 = Release|x86
	EndGlobalSection
	GlobalSection(ProjectConfigurationPlatforms) = postSolution
		{4F9728EC-CD90-4629-9A16-60F871C30286}.Debug|Any CPU.ActiveCfg = Debug|Any CPU
		{4F9728EC-CD90-4629-9A16-60F871C30286}.Debug|Any CPU.Build.0 = Debug|Any CPU
		{4F9728EC-CD90-4629-9A16-60F871C30286}.Debug|x64.ActiveCfg = Debug|Any CPU
		{4F9728EC-CD90-4629-9A16-60F871C30286}.Debug|x64.Build.0 = Debug|Any CPU
		{4F9728EC-CD90-4629-9A16-60F871C30286}.Debug|x86.ActiveCfg = Debug|Any CPU
		{4F9728EC-CD90-4629-9A16-60F871C30286}.Debug|x86.Build.0 = Debug|Any CPU
		{4F9728EC-CD90-4629-9A16-60F871C30286}.Release|Any CPU.ActiveCfg = Release|Any CPU
		{4F9728EC-CD90-4629-9A16-60F871C30286}.Release|Any CPU.Build.0 = Release|Any CPU
		{4F9728EC-CD90-4629-9A16-60F871C30286}.Release|x64.ActiveCfg = Release|Any CPU
		{4F9728EC-CD90-4629-9A16-60F871C30286}.Release|x64.Build.0 = Release|Any CPU
		{4F9728EC-CD90-4629-9A16-60F871C30286}.Release|x86.ActiveCfg = Release|Any CPU
		{4F9728EC-CD90-4629-9A16-60F871C30286}.Release|x86.Build.0 = Release|Any CPU
		{96BE3206-DFA3-414C-BF06-3D64D7E32581}.Debug|Any CPU.ActiveCfg = Debug|Any CPU
		{96BE3206-DFA3-414C-BF06-3D64D7E32581}.Debug|Any CPU.Build.0 = Debug|Any CPU
		{96BE3206-DFA3-414C-BF06-3D64D7E32581}.Debug|x64.ActiveCfg = Debug|Any CPU
		{96BE3206-DFA3-414C-BF06-3D64D7E32581}.Debug|x64.Build.0 = Debug|Any CPU
		{96BE3206-DFA3-414C-BF06-3D64D7E32581}.Debug|x86.ActiveCfg = Debug|Any CPU
		{96BE3206-DFA3-414C-BF06-3D64D7E32581}.Debug|x86.Build.0 = Debug|Any CPU
		{96BE3206-DFA3-414C-BF06-3D64D7E32581}.Release|Any CPU.ActiveCfg = Release|Any CPU
		{96BE3206-DFA3-414C-BF06-3D64D7E32581}.Release|Any CPU.Build.0 = Release|Any CPU
		{96BE3206-DFA3-414C-BF06-3D64D7E32581}.Release|x64.ActiveCfg = Release|Any CPU
		{96BE3206-DFA3-414C-BF06-3D64D7E32581}.Release|x64.Build.0 = Release|Any CPU
		{96BE3206-DFA3-414C-BF06-3D64D7E32581}.Release|x86.ActiveCfg = Release|Any CPU
		{96BE3206-DFA3-414C-BF06-3D64D7E32581}.Release|x86.Build.0 = Release|Any CPU
		{B1234567-DFA3-414C-BF06-3D64D7E32582}.Debug|Any CPU.ActiveCfg = Debug|Any CPU
		{B1234567-DFA3-414C-BF06-3D64D7E32582}.Debug|Any CPU.Build.0 = Debug|Any CPU
		{B1234567-DFA3-414C-BF06-3D64D7E32582}.Debug|x64.ActiveCfg = Debug|Any CPU
		{B1234567-DFA3-414C-BF06-3D64D7E32582}.Debug|x64.Build.0 = Debug|Any CPU
		{B1234567-DFA3-414C-BF06-3D64D7E32582}.Debug|x86.ActiveCfg = Debug|Any CPU
		{B1234567-DFA3-414C-BF06-3D64D7E32582}.Debug|x86.Build.0 = Debug|Any CPU
		{B1234567-DFA3-414C-BF06-3D64D7E32582}.Release|Any CPU.ActiveCfg = Release|Any CPU
		{B1234567-DFA3-414C-BF06-3D64D7E32582}.Release|Any CPU.Build.0 = Release|Any CPU
		{B1234567-DFA3-414C-BF06-3D64D7E32582}.Release|x64.ActiveCfg = Release|Any CPU
		{B1234567-DFA3-414C-BF06-3D64D7E32582}.Release|x64.Build.0 = Release|Any CPU
		{B1234567-DFA3-414C-BF06-3D64D7E32582}.Release|x86.ActiveCfg = Release|Any CPU
		{B1234567-DFA3-414C-BF06-3D64D7E32582}.Release|x86.Build.0 = Release|Any CPU
		{C2345678-DFA3-414C-BF06-3D64D7E32583}.Debug|Any CPU.ActiveCfg = Debug|Any CPU
		{C2345678-DFA3-414C-BF06-3D64D7E32583}.Debug|Any CPU.Build.0 = Debug|Any CPU
		{C2345678-DFA3-414C-BF06-3D64D7E32583}.Debug|x64.ActiveCfg = Debug|Any CPU
		{C2345678-DFA3-414C-BF06-3D64D7E32583}.Debug|x64.Build.0 = Debug|Any CPU
		{C2345678-DFA3-414C-BF06-3D64D7E32583}.Debug|x86.ActiveCfg = Debug|Any CPU
		{C2345678-DFA3-414C-BF06-3D64D7E32583}.Debug|x86.Build.0 = Debug|Any CPU
		{C2345678-DFA3-414C-BF06-3D64D7E32583}.Release|Any CPU.ActiveCfg = Release|Any CPU
		{C2345678-DFA3-414C-BF06-3D64D7E32583}.Release|Any CPU.Build.0 = Release|Any CPU
		{C2345678-DFA3-414C-BF06-3D64D7E32583}.Release|x64.ActiveCfg = Release|Any CPU
		{C2345678-DFA3-414C-BF06-3D64D7E32583}.Release|x64.Build.0 = Release|Any CPU
		{C2345678-DFA3-414C-BF06-3D64D7E32583}.Release|x86.ActiveCfg = Release|Any CPU
		{C2345678-DFA3-414C-BF06-3D64D7E32583}.Release|x86.Build.0 = Release|Any CPU
		{D3456789-DFA3-414C-BF06-3D64D7E32584}.Debug|Any CPU.ActiveCfg = Debug|Any CPU
		{D3456789-DFA3-414C-BF06-3D64D7E32584}.Debug|Any CPU.Build.0 = Debug|Any CPU
		{D3456789-DFA3-414C-BF06-3D64D7E32584}.Debug|x64.ActiveCfg = Debug|Any CPU
		{D3456789-DFA3-414C-BF06-3D64D7E32584}.Debug|x64.Build.0 = Debug|Any CPU
		{D3456789-DFA3-414C-BF06-3D64D7E32584}.Debug|x86.ActiveCfg = Debug|Any CPU
		{D3456789-DFA3-414C-BF06-3D64D7E32584}.Debug|x86.Build.0 = Debug|Any CPU
		{D3456789-DFA3-414C-BF06-3D64D7E32584}.Release|Any CPU.ActiveCfg = Release|Any CPU
		{D3456789-DFA3-414C-BF06-3D64D7E32584}.Release|Any CPU.Build.0 = Release|Any CPU
		{D3456789-DFA3-414C-BF06-3D64D7E32584}.Release|x64.ActiveCfg = Release|Any CPU
		{D3456789-DFA3-414C-BF06-3D64D7E32584}.Release|x64.Build.0 = Release|Any CPU
		{D3456789-DFA3-414C-BF06-3D64D7E32584}.Release|x86.ActiveCfg = Release|Any CPU
		{D3456789-DFA3-414C-BF06-3D64D7E32584}.Release|x86.Build.0 = Release|Any CPU
		{E4567890-DFA3-414C-BF06-3D64D7E32585}.Debug|Any CPU.ActiveCfg = Debug|Any CPU
		{E4567890-DFA3-414C-BF06-3D64D7E32585}.Debug|Any CPU.Build.0 = Debug|Any CPU
		{E4567890-DFA3-414C-BF06-3D64D7E32585}.Debug|x64.ActiveCfg = Debug|Any CPU
		{E4567890-DFA3-414C-BF06-3D64D7E32585}.Debug|x64.Build.0 = Debug|Any CPU
		{E4567890-DFA3-414C-BF06-3D64D7E32585}.Debug|x86.ActiveCfg = Debug|Any CPU
		{E4567890-DFA3-414C-BF06-3D64D7E32585}.Debug|x86.Build.0 = Debug|Any CPU
		{E4567890-DFA3-414C-BF06-3D64D7E32585}.Release|Any CPU.ActiveCfg = Release|Any CPU
		{E4567890-DFA3-414C-BF06-3D64D7E32585}.Release|Any CPU.Build.0 = Release|Any CPU
		{E4567890-DFA3-414C-BF06-3D64D7E32585}.Release|x64.ActiveCfg = Release|Any CPU
		{E4567890-DFA3-414C-BF06-3D64D7E32585}.Release|x64.Build.0 = Release|Any CPU
		{E4567890-DFA3-414C-BF06-3D64D7E32585}.Release|x86.ActiveCfg = Release|Any CPU
		{E4567890-DFA3-414C-BF06-3D64D7E32585}.Release|x86.Build.0 = Release|Any CPU
		{F5678901-DFA3-414C-BF06-3D64D7E32586}.Debug|Any CPU.ActiveCfg = Debug|Any CPU
		{F5678901-DFA3-414C-BF06-3D64D7E32586}.Debug|Any CPU.Build.0 = Debug|Any CPU
		{F5678901-DFA3-414C-BF06-3D64D7E32586}.Debug|x64.ActiveCfg = Debug|Any CPU
		{F5678901-DFA3-414C-BF06-3D64D7E32586}.Debug|x64.Build.0 = Debug|Any CPU
		{F5678901-DFA3-414C-BF06-3D64D7E32586}.Debug|x86.ActiveCfg = Debug|Any CPU
		{F5678901-DFA3-414C-BF06-3D64D7E32586}.Debug|x86.Build.0 = Debug|Any CPU
		{F5678901-DFA3-414C-BF06-3D64D7E32586}.Release|Any CPU.ActiveCfg = Release|Any CPU
		{F5678901-DFA3-414C-BF06-3D64D7E32586}.Release|Any CPU.Build.0 = Release|Any CPU
		{F5678901-DFA3-414C-BF06-3D64D7E32586}.Release|x64.ActiveCfg = Release|Any CPU
		{F5678901-DFA3-414C-BF06-3D64D7E32586}.Release|x64.Build.0 = Release|Any CPU
		{F5678901-DFA3-414C-BF06-3D64D7E32586}.Release|x86.ActiveCfg = Release|Any CPU
		{F5678901-DFA3-414C-BF06-3D64D7E32586}.Release|x86.Build.0 = Release|Any CPU
		{06789012-DFA3-414C-BF06-3D64D7E32587}.Debug|Any CPU.ActiveCfg = Debug|Any CPU
		{06789012-DFA3-414C-BF06-3D64D7E32587}.Debug|Any CPU.Build.0 = Debug|Any CPU
		{06789012-DFA3-414C-BF06-3D64D7E32587}.Debug|x64.ActiveCfg = Debug|Any CPU
		{06789012-DFA3-414C-BF06-3D64D7E32587}.Debug|x64.Build.0 = Debug|Any CPU
		{06789012-DFA3-414C-BF06-3D64D7E32587}.Debug|x86.ActiveCfg = Debug|Any CPU
		{06789012-DFA3-414C-BF06-3D64D7E32587}.Debug|x86.Build.0 = Debug|Any CPU
		{06789012-DFA3-414C-BF06-3D64D7E32587}.Release|Any CPU.ActiveCfg = Release|Any CPU
		{06789012-DFA3-414C-BF06-3D64D7E32587}.Release|Any CPU.Build.0 = Release|Any CPU
		{06789012-DFA3-414C-BF06-3D64D7E32587}.Release|x64.ActiveCfg = Release|Any CPU
		{06789012-DFA3-414C-BF06-3D64D7E32587}.Release|x64.Build.0 = Release|Any CPU
		{06789012-DFA3-414C-BF06-3D64D7E32587}.Release|x86.ActiveCfg = Release|Any CPU
		{06789012-DFA3-414C-BF06-3D64D7E32587}.Release|x86.Build.0 = Release|Any CPU
		{04CB954E-E779-48E9-847D-148A35094E4E}.Debug|Any CPU.ActiveCfg = Debug|Any CPU
		{04CB954E-E779-48E9-847D-148A35094E4E}.Debug|Any CPU.Build.0 = Debug|Any CPU
		{04CB954E-E779-48E9-847D-148A35094E4E}.Debug|x64.ActiveCfg = Debug|Any CPU
		{04CB954E-E779-48E9-847D-148A35094E4E}.Debug|x64.Build.0 = Debug|Any CPU
		{04CB954E-E779-48E9-847D-148A35094E4E}.Debug|x86.ActiveCfg = Debug|Any CPU
		{04CB954E-E779-48E9-847D-148A35094E4E}.Debug|x86.Build.0 = Debug|Any CPU
		{04CB954E-E779-48E9-847D-148A35094E4E}.Release|Any CPU.ActiveCfg = Release|Any CPU
		{04CB954E-E779-48E9-847D-148A35094E4E}.Release|Any CPU.Build.0 = Release|Any CPU
		{04CB954E-E779-48E9-847D-148A35094E4E}.Release|x64.ActiveCfg = Release|Any CPU
		{04CB954E-E779-48E9-847D-148A35094E4E}.Release|x64.Build.0 = Release|Any CPU
		{04CB954E-E779-48E9-847D-148A35094E4E}.Release|x86.ActiveCfg = Release|Any CPU
		{04CB954E-E779-48E9-847D-148A35094E4E}.Release|x86.Build.0 = Release|Any CPU
		{7FC4F06E-6DD5-4D64-A13C-2E1612A48398}.Debug|Any CPU.ActiveCfg = Debug|Any CPU
		{7FC4F06E-6DD5-4D64-A13C-2E1612A48398}.Debug|Any CPU.Build.0 = Debug|Any CPU
		{7FC4F06E-6DD5-4D64-A13C-2E1612A48398}.Debug|x64.ActiveCfg = Debug|Any CPU
		{7FC4F06E-6DD5-4D64-A13C-2E1612A48398}.Debug|x64.Build.0 = Debug|Any CPU
		{7FC4F06E-6DD5-4D64-A13C-2E1612A48398}.Debug|x86.ActiveCfg = Debug|Any CPU
		{7FC4F06E-6DD5-4D64-A13C-2E1612A48398}.Debug|x86.Build.0 = Debug|Any CPU
		{7FC4F06E-6DD5-4D64-A13C-2E1612A48398}.Release|Any CPU.ActiveCfg = Release|Any CPU
		{7FC4F06E-6DD5-4D64-A13C-2E1612A48398}.Release|Any CPU.Build.0 = Release|Any CPU
		{7FC4F06E-6DD5-4D64-A13C-2E1612A48398}.Release|x64.ActiveCfg = Release|Any CPU
		{7FC4F06E-6DD5-4D64-A13C-2E1612A48398}.Release|x64.Build.0 = Release|Any CPU
		{7FC4F06E-6DD5-4D64-A13C-2E1612A48398}.Release|x86.ActiveCfg = Release|Any CPU
		{7FC4F06E-6DD5-4D64-A13C-2E1612A48398}.Release|x86.Build.0 = Release|Any CPU
		{B3F07CAD-964A-4BB6-9935-D06448A9204C}.Debug|Any CPU.ActiveCfg = Debug|Any CPU
		{B3F07CAD-964A-4BB6-9935-D06448A9204C}.Debug|Any CPU.Build.0 = Debug|Any CPU
		{B3F07CAD-964A-4BB6-9935-D06448A9204C}.Debug|x64.ActiveCfg = Debug|Any CPU
		{B3F07CAD-964A-4BB6-9935-D06448A9204C}.Debug|x64.Build.0 = Debug|Any CPU
		{B3F07CAD-964A-4BB6-9935-D06448A9204C}.Debug|x86.ActiveCfg = Debug|Any CPU
		{B3F07CAD-964A-4BB6-9935-D06448A9204C}.Debug|x86.Build.0 = Debug|Any CPU
		{B3F07CAD-964A-4BB6-9935-D06448A9204C}.Release|Any CPU.ActiveCfg = Release|Any CPU
		{B3F07CAD-964A-4BB6-9935-D06448A9204C}.Release|Any CPU.Build.0 = Release|Any CPU
		{B3F07CAD-964A-4BB6-9935-D06448A9204C}.Release|x64.ActiveCfg = Release|Any CPU
		{B3F07CAD-964A-4BB6-9935-D06448A9204C}.Release|x64.Build.0 = Release|Any CPU
		{B3F07CAD-964A-4BB6-9935-D06448A9204C}.Release|x86.ActiveCfg = Release|Any CPU
		{B3F07CAD-964A-4BB6-9935-D06448A9204C}.Release|x86.Build.0 = Release|Any CPU
		{304D1495-F1AB-4C40-A3BA-FD84CA3735DD}.Debug|Any CPU.ActiveCfg = Debug|Any CPU
		{304D1495-F1AB-4C40-A3BA-FD84CA3735DD}.Debug|Any CPU.Build.0 = Debug|Any CPU
		{304D1495-F1AB-4C40-A3BA-FD84CA3735DD}.Debug|x64.ActiveCfg = Debug|Any CPU
		{304D1495-F1AB-4C40-A3BA-FD84CA3735DD}.Debug|x64.Build.0 = Debug|Any CPU
		{304D1495-F1AB-4C40-A3BA-FD84CA3735DD}.Debug|x86.ActiveCfg = Debug|Any CPU
		{304D1495-F1AB-4C40-A3BA-FD84CA3735DD}.Debug|x86.Build.0 = Debug|Any CPU
		{304D1495-F1AB-4C40-A3BA-FD84CA3735DD}.Release|Any CPU.ActiveCfg = Release|Any CPU
		{304D1495-F1AB-4C40-A3BA-FD84CA3735DD}.Release|Any CPU.Build.0 = Release|Any CPU
		{304D1495-F1AB-4C40-A3BA-FD84CA3735DD}.Release|x64.ActiveCfg = Release|Any CPU
		{304D1495-F1AB-4C40-A3BA-FD84CA3735DD}.Release|x64.Build.0 = Release|Any CPU
		{304D1495-F1AB-4C40-A3BA-FD84CA3735DD}.Release|x86.ActiveCfg = Release|Any CPU
		{304D1495-F1AB-4C40-A3BA-FD84CA3735DD}.Release|x86.Build.0 = Release|Any CPU
		{95793E0A-AD18-4494-9677-FEA3B0719DFF}.Debug|Any CPU.ActiveCfg = Debug|Any CPU
		{95793E0A-AD18-4494-9677-FEA3B0719DFF}.Debug|Any CPU.Build.0 = Debug|Any CPU
		{95793E0A-AD18-4494-9677-FEA3B0719DFF}.Debug|x64.ActiveCfg = Debug|Any CPU
		{95793E0A-AD18-4494-9677-FEA3B0719DFF}.Debug|x64.Build.0 = Debug|Any CPU
		{95793E0A-AD18-4494-9677-FEA3B0719DFF}.Debug|x86.ActiveCfg = Debug|Any CPU
		{95793E0A-AD18-4494-9677-FEA3B0719DFF}.Debug|x86.Build.0 = Debug|Any CPU
		{95793E0A-AD18-4494-9677-FEA3B0719DFF}.Release|Any CPU.ActiveCfg = Release|Any CPU
		{95793E0A-AD18-4494-9677-FEA3B0719DFF}.Release|Any CPU.Build.0 = Release|Any CPU
		{95793E0A-AD18-4494-9677-FEA3B0719DFF}.Release|x64.ActiveCfg = Release|Any CPU
		{95793E0A-AD18-4494-9677-FEA3B0719DFF}.Release|x64.Build.0 = Release|Any CPU
		{95793E0A-AD18-4494-9677-FEA3B0719DFF}.Release|x86.ActiveCfg = Release|Any CPU
		{95793E0A-AD18-4494-9677-FEA3B0719DFF}.Release|x86.Build.0 = Release|Any CPU
		{C301F506-CC58-46E7-82C9-3E4278374D4A}.Debug|Any CPU.ActiveCfg = Debug|Any CPU
		{C301F506-CC58-46E7-82C9-3E4278374D4A}.Debug|Any CPU.Build.0 = Debug|Any CPU
		{C301F506-CC58-46E7-82C9-3E4278374D4A}.Debug|x64.ActiveCfg = Debug|Any CPU
		{C301F506-CC58-46E7-82C9-3E4278374D4A}.Debug|x64.Build.0 = Debug|Any CPU
		{C301F506-CC58-46E7-82C9-3E4278374D4A}.Debug|x86.ActiveCfg = Debug|Any CPU
		{C301F506-CC58-46E7-82C9-3E4278374D4A}.Debug|x86.Build.0 = Debug|Any CPU
		{C301F506-CC58-46E7-82C9-3E4278374D4A}.Release|Any CPU.ActiveCfg = Release|Any CPU
		{C301F506-CC58-46E7-82C9-3E4278374D4A}.Release|Any CPU.Build.0 = Release|Any CPU
		{C301F506-CC58-46E7-82C9-3E4278374D4A}.Release|x64.ActiveCfg = Release|Any CPU
		{C301F506-CC58-46E7-82C9-3E4278374D4A}.Release|x64.Build.0 = Release|Any CPU
		{C301F506-CC58-46E7-82C9-3E4278374D4A}.Release|x86.ActiveCfg = Release|Any CPU
		{C301F506-CC58-46E7-82C9-3E4278374D4A}.Release|x86.Build.0 = Release|Any CPU
		{3FD2F1D6-8C17-415C-800E-850204BFD3D6}.Debug|Any CPU.ActiveCfg = Debug|Any CPU
		{3FD2F1D6-8C17-415C-800E-850204BFD3D6}.Debug|Any CPU.Build.0 = Debug|Any CPU
		{3FD2F1D6-8C17-415C-800E-850204BFD3D6}.Debug|x64.ActiveCfg = Debug|Any CPU
		{3FD2F1D6-8C17-415C-800E-850204BFD3D6}.Debug|x64.Build.0 = Debug|Any CPU
		{3FD2F1D6-8C17-415C-800E-850204BFD3D6}.Debug|x86.ActiveCfg = Debug|Any CPU
		{3FD2F1D6-8C17-415C-800E-850204BFD3D6}.Debug|x86.Build.0 = Debug|Any CPU
		{3FD2F1D6-8C17-415C-800E-850204BFD3D6}.Release|Any CPU.ActiveCfg = Release|Any CPU
		{3FD2F1D6-8C17-415C-800E-850204BFD3D6}.Release|Any CPU.Build.0 = Release|Any CPU
		{3FD2F1D6-8C17-415C-800E-850204BFD3D6}.Release|x64.ActiveCfg = Release|Any CPU
		{3FD2F1D6-8C17-415C-800E-850204BFD3D6}.Release|x64.Build.0 = Release|Any CPU
		{3FD2F1D6-8C17-415C-800E-850204BFD3D6}.Release|x86.ActiveCfg = Release|Any CPU
		{3FD2F1D6-8C17-415C-800E-850204BFD3D6}.Release|x86.Build.0 = Release|Any CPU
		{7CC45884-D063-41BE-B72E-2D942CC1F18A}.Debug|Any CPU.ActiveCfg = Debug|Any CPU
		{7CC45884-D063-41BE-B72E-2D942CC1F18A}.Debug|Any CPU.Build.0 = Debug|Any CPU
		{7CC45884-D063-41BE-B72E-2D942CC1F18A}.Debug|x64.ActiveCfg = Debug|Any CPU
		{7CC45884-D063-41BE-B72E-2D942CC1F18A}.Debug|x64.Build.0 = Debug|Any CPU
		{7CC45884-D063-41BE-B72E-2D942CC1F18A}.Debug|x86.ActiveCfg = Debug|Any CPU
		{7CC45884-D063-41BE-B72E-2D942CC1F18A}.Debug|x86.Build.0 = Debug|Any CPU
		{7CC45884-D063-41BE-B72E-2D942CC1F18A}.Release|Any CPU.ActiveCfg = Release|Any CPU
		{7CC45884-D063-41BE-B72E-2D942CC1F18A}.Release|Any CPU.Build.0 = Release|Any CPU
		{7CC45884-D063-41BE-B72E-2D942CC1F18A}.Release|x64.ActiveCfg = Release|Any CPU
		{7CC45884-D063-41BE-B72E-2D942CC1F18A}.Release|x64.Build.0 = Release|Any CPU
		{7CC45884-D063-41BE-B72E-2D942CC1F18A}.Release|x86.ActiveCfg = Release|Any CPU
		{7CC45884-D063-41BE-B72E-2D942CC1F18A}.Release|x86.Build.0 = Release|Any CPU
	EndGlobalSection
	GlobalSection(SolutionProperties) = preSolution
		HideSolutionNode = FALSE
	EndGlobalSection
	GlobalSection(NestedProjects) = preSolution
		{1DCABEF6-5424-4B86-BAA8-CDDBFCEA9E6D} = {FB001EC2-782A-4387-9720-C258FEA6915C}
		{CC512F1E-8D94-4B65-BBDA-1FBC449E3B65} = {FB001EC2-782A-4387-9720-C258FEA6915C}
		{1354F508-0FD7-4E2B-8B95-A178BF682EE7} = {FB001EC2-782A-4387-9720-C258FEA6915C}
		{4F9728EC-CD90-4629-9A16-60F871C30286} = {1354F508-0FD7-4E2B-8B95-A178BF682EE7}
		{D598B199-F893-4A0F-87FC-D97F75FDC851} = {CC512F1E-8D94-4B65-BBDA-1FBC449E3B65}
		{96BE3206-DFA3-414C-BF06-3D64D7E32581} = {D598B199-F893-4A0F-87FC-D97F75FDC851}
		{B1234567-DFA3-414C-BF06-3D64D7E32582} = {D598B199-F893-4A0F-87FC-D97F75FDC851}
		{C2345678-DFA3-414C-BF06-3D64D7E32583} = {D598B199-F893-4A0F-87FC-D97F75FDC851}
		{D3456789-DFA3-414C-BF06-3D64D7E32584} = {D598B199-F893-4A0F-87FC-D97F75FDC851}
		{E4567890-DFA3-414C-BF06-3D64D7E32585} = {D598B199-F893-4A0F-87FC-D97F75FDC851}
		{F5678901-DFA3-414C-BF06-3D64D7E32586} = {D598B199-F893-4A0F-87FC-D97F75FDC851}
		{06789012-DFA3-414C-BF06-3D64D7E32587} = {D598B199-F893-4A0F-87FC-D97F75FDC851}
		{04CB954E-E779-48E9-847D-148A35094E4E} = {C8F5112B-F3C7-4E29-BC92-EDC6018048A7}
		{9CAF2413-3084-C927-C28C-D1B93A6EAE01} = {CC512F1E-8D94-4B65-BBDA-1FBC449E3B65}
		{7FC4F06E-6DD5-4D64-A13C-2E1612A48398} = {9CAF2413-3084-C927-C28C-D1B93A6EAE01}
		{B3F07CAD-964A-4BB6-9935-D06448A9204C} = {9CAF2413-3084-C927-C28C-D1B93A6EAE01}
		{304D1495-F1AB-4C40-A3BA-FD84CA3735DD} = {9CAF2413-3084-C927-C28C-D1B93A6EAE01}
		{95793E0A-AD18-4494-9677-FEA3B0719DFF} = {9CAF2413-3084-C927-C28C-D1B93A6EAE01}
		{C301F506-CC58-46E7-82C9-3E4278374D4A} = {9CAF2413-3084-C927-C28C-D1B93A6EAE01}
		{3FD2F1D6-8C17-415C-800E-850204BFD3D6} = {9CAF2413-3084-C927-C28C-D1B93A6EAE01}
		{7CC45884-D063-41BE-B72E-2D942CC1F18A} = {9CAF2413-3084-C927-C28C-D1B93A6EAE01}
	EndGlobalSection
EndGlobal
